
Microsoft Visual Studio Solution File, Format Version 12.00
# Visual Studio Version 16
VisualStudioVersion = 16.0.29409.12
MinimumVisualStudioVersion = 15.0.26124.0
Project("{2150E333-8FDC-42A3-9474-1A3956D46DE8}") = "Solution Items", "Solution Items", "{0B11D07C-EA4D-49EF-8D8F-6027691B8D1C}"
	ProjectSection(SolutionItems) = preProject
		.editorconfig = .editorconfig
		.gitattributes = .gitattributes
		.gitignore = .gitignore
		.gitmodules = .gitmodules
		AllRules.ruleset = AllRules.ruleset
		Directory.Build.props = Directory.Build.props
		Directory.Meta.props = Directory.Meta.props
		Directory.Version.props = Directory.Version.props
		LICENSE = LICENSE
	EndProjectSection
EndProject
Project("{2150E333-8FDC-42A3-9474-1A3956D46DE8}") = "src", "src", "{F66F5111-4EF2-4364-B932-43EAE2852C54}"
EndProject
Project("{9A19103F-16F7-4668-BE54-9A1E7A4F7556}") = "THNETII.NuGet.Logging", "src\THNETII.NuGet.Logging\THNETII.NuGet.Logging.csproj", "{3A65F7EF-BF17-49A2-B193-8495E3B0DD1E}"
EndProject
Project("{9A19103F-16F7-4668-BE54-9A1E7A4F7556}") = "THNETII.Common", "dotnet-common\src\THNETII.Common\THNETII.Common.csproj", "{A0F2CB84-1FD4-4CFE-BA21-591AE484574B}"
EndProject
Project("{9A19103F-16F7-4668-BE54-9A1E7A4F7556}") = "THNETII.NuGet.DependencyInjection", "src\THNETII.NuGet.DependencyInjection\THNETII.NuGet.DependencyInjection.csproj", "{6AF1BA3A-3618-4C16-ADFF-353878B8BA86}"
EndProject
Project("{2150E333-8FDC-42A3-9474-1A3956D46DE8}") = "sample", "sample", "{5FBB596A-DF0D-47A0-9141-ADAB11CB6D2E}"
EndProject
Project("{9A19103F-16F7-4668-BE54-9A1E7A4F7556}") = "THNETII.NuGet.PackageSearchClient", "sample\THNETII.NuGet.PackageSearchClient\THNETII.NuGet.PackageSearchClient.csproj", "{9B6E7EEC-0B9F-46A1-8471-C198234C9867}"
EndProject
Project("{2150E333-8FDC-42A3-9474-1A3956D46DE8}") = "dotnet-common", "dotnet-common", "{3711663B-7186-4CFF-BC07-A8934E0C0B52}"
EndProject
Project("{2150E333-8FDC-42A3-9474-1A3956D46DE8}") = "src", "src", "{6005993D-CD21-475E-84E3-E4C3683C4233}"
EndProject
Project("{9A19103F-16F7-4668-BE54-9A1E7A4F7556}") = "THNETII.CommandLine.Extensions", "dotnet-common\src\THNETII.CommandLine.Extensions\THNETII.CommandLine.Extensions.csproj", "{675AE4C6-96FA-4C95-8143-2A67E1CE49BB}"
EndProject
Project("{FAE04EC0-301F-11D3-BF4B-00C04F79EFBC}") = "THNETII.NuGet.ReferencePathAlias.MSBuildTask", "src\THNETII.NuGet.ReferencePathAlias.MSBuildTask\THNETII.NuGet.ReferencePathAlias.MSBuildTask.csproj", "{542E8461-48BE-422D-9907-A3FD3BE144A3}"
EndProject
Global
	GlobalSection(SolutionConfigurationPlatforms) = preSolution
		Debug|Any CPU = Debug|Any CPU
		Debug|x64 = Debug|x64
		Debug|x86 = Debug|x86
		Release|Any CPU = Release|Any CPU
		Release|x64 = Release|x64
		Release|x86 = Release|x86
	EndGlobalSection
	GlobalSection(ProjectConfigurationPlatforms) = postSolution
		{3A65F7EF-BF17-49A2-B193-8495E3B0DD1E}.Debug|Any CPU.ActiveCfg = Debug|Any CPU
		{3A65F7EF-BF17-49A2-B193-8495E3B0DD1E}.Debug|Any CPU.Build.0 = Debug|Any CPU
		{3A65F7EF-BF17-49A2-B193-8495E3B0DD1E}.Debug|x64.ActiveCfg = Debug|Any CPU
		{3A65F7EF-BF17-49A2-B193-8495E3B0DD1E}.Debug|x64.Build.0 = Debug|Any CPU
		{3A65F7EF-BF17-49A2-B193-8495E3B0DD1E}.Debug|x86.ActiveCfg = Debug|Any CPU
		{3A65F7EF-BF17-49A2-B193-8495E3B0DD1E}.Debug|x86.Build.0 = Debug|Any CPU
		{3A65F7EF-BF17-49A2-B193-8495E3B0DD1E}.Release|Any CPU.ActiveCfg = Release|Any CPU
		{3A65F7EF-BF17-49A2-B193-8495E3B0DD1E}.Release|Any CPU.Build.0 = Release|Any CPU
		{3A65F7EF-BF17-49A2-B193-8495E3B0DD1E}.Release|x64.ActiveCfg = Release|Any CPU
		{3A65F7EF-BF17-49A2-B193-8495E3B0DD1E}.Release|x64.Build.0 = Release|Any CPU
		{3A65F7EF-BF17-49A2-B193-8495E3B0DD1E}.Release|x86.ActiveCfg = Release|Any CPU
		{3A65F7EF-BF17-49A2-B193-8495E3B0DD1E}.Release|x86.Build.0 = Release|Any CPU
		{A0F2CB84-1FD4-4CFE-BA21-591AE484574B}.Debug|Any CPU.ActiveCfg = Debug|Any CPU
		{A0F2CB84-1FD4-4CFE-BA21-591AE484574B}.Debug|Any CPU.Build.0 = Debug|Any CPU
		{A0F2CB84-1FD4-4CFE-BA21-591AE484574B}.Debug|x64.ActiveCfg = Debug|Any CPU
		{A0F2CB84-1FD4-4CFE-BA21-591AE484574B}.Debug|x64.Build.0 = Debug|Any CPU
		{A0F2CB84-1FD4-4CFE-BA21-591AE484574B}.Debug|x86.ActiveCfg = Debug|Any CPU
		{A0F2CB84-1FD4-4CFE-BA21-591AE484574B}.Debug|x86.Build.0 = Debug|Any CPU
		{A0F2CB84-1FD4-4CFE-BA21-591AE484574B}.Release|Any CPU.ActiveCfg = Release|Any CPU
		{A0F2CB84-1FD4-4CFE-BA21-591AE484574B}.Release|Any CPU.Build.0 = Release|Any CPU
		{A0F2CB84-1FD4-4CFE-BA21-591AE484574B}.Release|x64.ActiveCfg = Release|Any CPU
		{A0F2CB84-1FD4-4CFE-BA21-591AE484574B}.Release|x64.Build.0 = Release|Any CPU
		{A0F2CB84-1FD4-4CFE-BA21-591AE484574B}.Release|x86.ActiveCfg = Release|Any CPU
		{A0F2CB84-1FD4-4CFE-BA21-591AE484574B}.Release|x86.Build.0 = Release|Any CPU
		{6AF1BA3A-3618-4C16-ADFF-353878B8BA86}.Debug|Any CPU.ActiveCfg = Debug|Any CPU
		{6AF1BA3A-3618-4C16-ADFF-353878B8BA86}.Debug|Any CPU.Build.0 = Debug|Any CPU
		{6AF1BA3A-3618-4C16-ADFF-353878B8BA86}.Debug|x64.ActiveCfg = Debug|Any CPU
		{6AF1BA3A-3618-4C16-ADFF-353878B8BA86}.Debug|x64.Build.0 = Debug|Any CPU
		{6AF1BA3A-3618-4C16-ADFF-353878B8BA86}.Debug|x86.ActiveCfg = Debug|Any CPU
		{6AF1BA3A-3618-4C16-ADFF-353878B8BA86}.Debug|x86.Build.0 = Debug|Any CPU
		{6AF1BA3A-3618-4C16-ADFF-353878B8BA86}.Release|Any CPU.ActiveCfg = Release|Any CPU
		{6AF1BA3A-3618-4C16-ADFF-353878B8BA86}.Release|Any CPU.Build.0 = Release|Any CPU
		{6AF1BA3A-3618-4C16-ADFF-353878B8BA86}.Release|x64.ActiveCfg = Release|Any CPU
		{6AF1BA3A-3618-4C16-ADFF-353878B8BA86}.Release|x64.Build.0 = Release|Any CPU
		{6AF1BA3A-3618-4C16-ADFF-353878B8BA86}.Release|x86.ActiveCfg = Release|Any CPU
		{6AF1BA3A-3618-4C16-ADFF-353878B8BA86}.Release|x86.Build.0 = Release|Any CPU
		{9B6E7EEC-0B9F-46A1-8471-C198234C9867}.Debug|Any CPU.ActiveCfg = Debug|Any CPU
		{9B6E7EEC-0B9F-46A1-8471-C198234C9867}.Debug|Any CPU.Build.0 = Debug|Any CPU
		{9B6E7EEC-0B9F-46A1-8471-C198234C9867}.Debug|x64.ActiveCfg = Debug|Any CPU
		{9B6E7EEC-0B9F-46A1-8471-C198234C9867}.Debug|x64.Build.0 = Debug|Any CPU
		{9B6E7EEC-0B9F-46A1-8471-C198234C9867}.Debug|x86.ActiveCfg = Debug|Any CPU
		{9B6E7EEC-0B9F-46A1-8471-C198234C9867}.Debug|x86.Build.0 = Debug|Any CPU
		{9B6E7EEC-0B9F-46A1-8471-C198234C9867}.Release|Any CPU.ActiveCfg = Release|Any CPU
		{9B6E7EEC-0B9F-46A1-8471-C198234C9867}.Release|Any CPU.Build.0 = Release|Any CPU
		{9B6E7EEC-0B9F-46A1-8471-C198234C9867}.Release|x64.ActiveCfg = Release|Any CPU
		{9B6E7EEC-0B9F-46A1-8471-C198234C9867}.Release|x64.Build.0 = Release|Any CPU
		{9B6E7EEC-0B9F-46A1-8471-C198234C9867}.Release|x86.ActiveCfg = Release|Any CPU
		{9B6E7EEC-0B9F-46A1-8471-C198234C9867}.Release|x86.Build.0 = Release|Any CPU
		{675AE4C6-96FA-4C95-8143-2A67E1CE49BB}.Debug|Any CPU.ActiveCfg = Debug|Any CPU
		{675AE4C6-96FA-4C95-8143-2A67E1CE49BB}.Debug|Any CPU.Build.0 = Debug|Any CPU
		{675AE4C6-96FA-4C95-8143-2A67E1CE49BB}.Debug|x64.ActiveCfg = Debug|Any CPU
		{675AE4C6-96FA-4C95-8143-2A67E1CE49BB}.Debug|x64.Build.0 = Debug|Any CPU
		{675AE4C6-96FA-4C95-8143-2A67E1CE49BB}.Debug|x86.ActiveCfg = Debug|Any CPU
		{675AE4C6-96FA-4C95-8143-2A67E1CE49BB}.Debug|x86.Build.0 = Debug|Any CPU
		{675AE4C6-96FA-4C95-8143-2A67E1CE49BB}.Release|Any CPU.ActiveCfg = Release|Any CPU
		{675AE4C6-96FA-4C95-8143-2A67E1CE49BB}.Release|Any CPU.Build.0 = Release|Any CPU
		{675AE4C6-96FA-4C95-8143-2A67E1CE49BB}.Release|x64.ActiveCfg = Release|Any CPU
		{675AE4C6-96FA-4C95-8143-2A67E1CE49BB}.Release|x64.Build.0 = Release|Any CPU
		{675AE4C6-96FA-4C95-8143-2A67E1CE49BB}.Release|x86.ActiveCfg = Release|Any CPU
		{675AE4C6-96FA-4C95-8143-2A67E1CE49BB}.Release|x86.Build.0 = Release|Any CPU
		{542E8461-48BE-422D-9907-A3FD3BE144A3}.Debug|Any CPU.ActiveCfg = Debug|Any CPU
		{542E8461-48BE-422D-9907-A3FD3BE144A3}.Debug|Any CPU.Build.0 = Debug|Any CPU
		{542E8461-48BE-422D-9907-A3FD3BE144A3}.Debug|x64.ActiveCfg = Debug|Any CPU
		{542E8461-48BE-422D-9907-A3FD3BE144A3}.Debug|x64.Build.0 = Debug|Any CPU
		{542E8461-48BE-422D-9907-A3FD3BE144A3}.Debug|x86.ActiveCfg = Debug|Any CPU
		{542E8461-48BE-422D-9907-A3FD3BE144A3}.Debug|x86.Build.0 = Debug|Any CPU
		{542E8461-48BE-422D-9907-A3FD3BE144A3}.Release|Any CPU.ActiveCfg = Release|Any CPU
		{542E8461-48BE-422D-9907-A3FD3BE144A3}.Release|Any CPU.Build.0 = Release|Any CPU
		{542E8461-48BE-422D-9907-A3FD3BE144A3}.Release|x64.ActiveCfg = Release|Any CPU
		{542E8461-48BE-422D-9907-A3FD3BE144A3}.Release|x64.Build.0 = Release|Any CPU
		{542E8461-48BE-422D-9907-A3FD3BE144A3}.Release|x86.ActiveCfg = Release|Any CPU
		{542E8461-48BE-422D-9907-A3FD3BE144A3}.Release|x86.Build.0 = Release|Any CPU
	EndGlobalSection
	GlobalSection(SolutionProperties) = preSolution
		HideSolutionNode = FALSE
	EndGlobalSection
	GlobalSection(NestedProjects) = preSolution
		{3A65F7EF-BF17-49A2-B193-8495E3B0DD1E} = {F66F5111-4EF2-4364-B932-43EAE2852C54}
		{A0F2CB84-1FD4-4CFE-BA21-591AE484574B} = {6005993D-CD21-475E-84E3-E4C3683C4233}
		{6AF1BA3A-3618-4C16-ADFF-353878B8BA86} = {F66F5111-4EF2-4364-B932-43EAE2852C54}
		{9B6E7EEC-0B9F-46A1-8471-C198234C9867} = {5FBB596A-DF0D-47A0-9141-ADAB11CB6D2E}
		{6005993D-CD21-475E-84E3-E4C3683C4233} = {3711663B-7186-4CFF-BC07-A8934E0C0B52}
		{675AE4C6-96FA-4C95-8143-2A67E1CE49BB} = {6005993D-CD21-475E-84E3-E4C3683C4233}
		{542E8461-48BE-422D-9907-A3FD3BE144A3} = {F66F5111-4EF2-4364-B932-43EAE2852C54}
	EndGlobalSection
	GlobalSection(ExtensibilityGlobals) = postSolution
		SolutionGuid = {1B873BB3-1F8F-45B4-9960-13CFAA34D881}
	EndGlobalSection
EndGlobal
